
Microsoft Visual Studio Solution File, Format Version 12.00
# Visual Studio Version 16
VisualStudioVersion = 16.0.30114.105
MinimumVisualStudioVersion = 10.0.40219.1
Project("{FAE04EC0-301F-11D3-BF4B-00C04F79EFBC}") = "R5T.T0088", "R5T.T0088\R5T.T0088.csproj", "{A1E17833-714D-40FB-8C0B-C628E70E4263}"
EndProject
Project("{FAE04EC0-301F-11D3-BF4B-00C04F79EFBC}") = "R5T.T0088.Construction", "R5T.T0088.Construction\R5T.T0088.Construction.csproj", "{06770D67-F799-41A0-9E33-FB1D738E2935}"
EndProject
Project("{FAE04EC0-301F-11D3-BF4B-00C04F79EFBC}") = "R5T.T0088.X000", "R5T.T0088.X000\R5T.T0088.X000.csproj", "{1021AF82-9F63-45AA-8058-7C96C1CA5B67}"
EndProject
Project("{FAE04EC0-301F-11D3-BF4B-00C04F79EFBC}") = "R5T.T0088.X001", "R5T.T0088.X001\R5T.T0088.X001.csproj", "{F7D6DC81-1429-4158-B03C-BB63A371E53E}"
EndProject
Project("{FAE04EC0-301F-11D3-BF4B-00C04F79EFBC}") = "R5T.T0088.X002", "R5T.T0088.X002\R5T.T0088.X002.csproj", "{E827788F-0542-4D7A-9A77-F924927AA97D}"
EndProject
Project("{FAE04EC0-301F-11D3-BF4B-00C04F79EFBC}") = "R5T.T0088.X003", "R5T.T0088.X003\R5T.T0088.X003.csproj", "{0017D64F-D7C0-4309-AF4F-3E91927DBD69}"
EndProject
Global
	GlobalSection(SolutionConfigurationPlatforms) = preSolution
		Debug|Any CPU = Debug|Any CPU
		Debug|x64 = Debug|x64
		Debug|x86 = Debug|x86
		Release|Any CPU = Release|Any CPU
		Release|x64 = Release|x64
		Release|x86 = Release|x86
	EndGlobalSection
	GlobalSection(SolutionProperties) = preSolution
		HideSolutionNode = FALSE
	EndGlobalSection
	GlobalSection(ProjectConfigurationPlatforms) = postSolution
		{A1E17833-714D-40FB-8C0B-C628E70E4263}.Debug|Any CPU.ActiveCfg = Debug|Any CPU
		{A1E17833-714D-40FB-8C0B-C628E70E4263}.Debug|Any CPU.Build.0 = Debug|Any CPU
		{A1E17833-714D-40FB-8C0B-C628E70E4263}.Debug|x64.ActiveCfg = Debug|Any CPU
		{A1E17833-714D-40FB-8C0B-C628E70E4263}.Debug|x64.Build.0 = Debug|Any CPU
		{A1E17833-714D-40FB-8C0B-C628E70E4263}.Debug|x86.ActiveCfg = Debug|Any CPU
		{A1E17833-714D-40FB-8C0B-C628E70E4263}.Debug|x86.Build.0 = Debug|Any CPU
		{A1E17833-714D-40FB-8C0B-C628E70E4263}.Release|Any CPU.ActiveCfg = Release|Any CPU
		{A1E17833-714D-40FB-8C0B-C628E70E4263}.Release|Any CPU.Build.0 = Release|Any CPU
		{A1E17833-714D-40FB-8C0B-C628E70E4263}.Release|x64.ActiveCfg = Release|Any CPU
		{A1E17833-714D-40FB-8C0B-C628E70E4263}.Release|x64.Build.0 = Release|Any CPU
		{A1E17833-714D-40FB-8C0B-C628E70E4263}.Release|x86.ActiveCfg = Release|Any CPU
		{A1E17833-714D-40FB-8C0B-C628E70E4263}.Release|x86.Build.0 = Release|Any CPU
		{06770D67-F799-41A0-9E33-FB1D738E2935}.Debug|Any CPU.ActiveCfg = Debug|Any CPU
		{06770D67-F799-41A0-9E33-FB1D738E2935}.Debug|Any CPU.Build.0 = Debug|Any CPU
		{06770D67-F799-41A0-9E33-FB1D738E2935}.Debug|x64.ActiveCfg = Debug|Any CPU
		{06770D67-F799-41A0-9E33-FB1D738E2935}.Debug|x64.Build.0 = Debug|Any CPU
		{06770D67-F799-41A0-9E33-FB1D738E2935}.Debug|x86.ActiveCfg = Debug|Any CPU
		{06770D67-F799-41A0-9E33-FB1D738E2935}.Debug|x86.Build.0 = Debug|Any CPU
		{06770D67-F799-41A0-9E33-FB1D738E2935}.Release|Any CPU.ActiveCfg = Release|Any CPU
		{06770D67-F799-41A0-9E33-FB1D738E2935}.Release|Any CPU.Build.0 = Release|Any CPU
		{06770D67-F799-41A0-9E33-FB1D738E2935}.Release|x64.ActiveCfg = Release|Any CPU
		{06770D67-F799-41A0-9E33-FB1D738E2935}.Release|x64.Build.0 = Release|Any CPU
		{06770D67-F799-41A0-9E33-FB1D738E2935}.Release|x86.ActiveCfg = Release|Any CPU
		{06770D67-F799-41A0-9E33-FB1D738E2935}.Release|x86.Build.0 = Release|Any CPU
		{1021AF82-9F63-45AA-8058-7C96C1CA5B67}.Debug|Any CPU.ActiveCfg = Debug|Any CPU
		{1021AF82-9F63-45AA-8058-7C96C1CA5B67}.Debug|Any CPU.Build.0 = Debug|Any CPU
		{1021AF82-9F63-45AA-8058-7C96C1CA5B67}.Debug|x64.ActiveCfg = Debug|Any CPU
		{1021AF82-9F63-45AA-8058-7C96C1CA5B67}.Debug|x64.Build.0 = Debug|Any CPU
		{1021AF82-9F63-45AA-8058-7C96C1CA5B67}.Debug|x86.ActiveCfg = Debug|Any CPU
		{1021AF82-9F63-45AA-8058-7C96C1CA5B67}.Debug|x86.Build.0 = Debug|Any CPU
		{1021AF82-9F63-45AA-8058-7C96C1CA5B67}.Release|Any CPU.ActiveCfg = Release|Any CPU
		{1021AF82-9F63-45AA-8058-7C96C1CA5B67}.Release|Any CPU.Build.0 = Release|Any CPU
		{1021AF82-9F63-45AA-8058-7C96C1CA5B67}.Release|x64.ActiveCfg = Release|Any CPU
		{1021AF82-9F63-45AA-8058-7C96C1CA5B67}.Release|x64.Build.0 = Release|Any CPU
		{1021AF82-9F63-45AA-8058-7C96C1CA5B67}.Release|x86.ActiveCfg = Release|Any CPU
		{1021AF82-9F63-45AA-8058-7C96C1CA5B67}.Release|x86.Build.0 = Release|Any CPU
		{F7D6DC81-1429-4158-B03C-BB63A371E53E}.Debug|Any CPU.ActiveCfg = Debug|Any CPU
		{F7D6DC81-1429-4158-B03C-BB63A371E53E}.Debug|Any CPU.Build.0 = Debug|Any CPU
		{F7D6DC81-1429-4158-B03C-BB63A371E53E}.Debug|x64.ActiveCfg = Debug|Any CPU
		{F7D6DC81-1429-4158-B03C-BB63A371E53E}.Debug|x64.Build.0 = Debug|Any CPU
		{F7D6DC81-1429-4158-B03C-BB63A371E53E}.Debug|x86.ActiveCfg = Debug|Any CPU
		{F7D6DC81-1429-4158-B03C-BB63A371E53E}.Debug|x86.Build.0 = Debug|Any CPU
		{F7D6DC81-1429-4158-B03C-BB63A371E53E}.Release|Any CPU.ActiveCfg = Release|Any CPU
		{F7D6DC81-1429-4158-B03C-BB63A371E53E}.Release|Any CPU.Build.0 = Release|Any CPU
		{F7D6DC81-1429-4158-B03C-BB63A371E53E}.Release|x64.ActiveCfg = Release|Any CPU
		{F7D6DC81-1429-4158-B03C-BB63A371E53E}.Release|x64.Build.0 = Release|Any CPU
		{F7D6DC81-1429-4158-B03C-BB63A371E53E}.Release|x86.ActiveCfg = Release|Any CPU
		{F7D6DC81-1429-4158-B03C-BB63A371E53E}.Release|x86.Build.0 = Release|Any CPU
		{E827788F-0542-4D7A-9A77-F924927AA97D}.Debug|Any CPU.ActiveCfg = Debug|Any CPU
		{E827788F-0542-4D7A-9A77-F924927AA97D}.Debug|Any CPU.Build.0 = Debug|Any CPU
		{E827788F-0542-4D7A-9A77-F924927AA97D}.Debug|x64.ActiveCfg = Debug|Any CPU
		{E827788F-0542-4D7A-9A77-F924927AA97D}.Debug|x64.Build.0 = Debug|Any CPU
		{E827788F-0542-4D7A-9A77-F924927AA97D}.Debug|x86.ActiveCfg = Debug|Any CPU
		{E827788F-0542-4D7A-9A77-F924927AA97D}.Debug|x86.Build.0 = Debug|Any CPU
		{E827788F-0542-4D7A-9A77-F924927AA97D}.Release|Any CPU.ActiveCfg = Release|Any CPU
		{E827788F-0542-4D7A-9A77-F924927AA97D}.Release|Any CPU.Build.0 = Release|Any CPU
		{E827788F-0542-4D7A-9A77-F924927AA97D}.Release|x64.ActiveCfg = Release|Any CPU
		{E827788F-0542-4D7A-9A77-F924927AA97D}.Release|x64.Build.0 = Release|Any CPU
		{E827788F-0542-4D7A-9A77-F924927AA97D}.Release|x86.ActiveCfg = Release|Any CPU
		{E827788F-0542-4D7A-9A77-F924927AA97D}.Release|x86.Build.0 = Release|Any CPU
		{0017D64F-D7C0-4309-AF4F-3E91927DBD69}.Debug|Any CPU.ActiveCfg = Debug|Any CPU
		{0017D64F-D7C0-4309-AF4F-3E91927DBD69}.Debug|Any CPU.Build.0 = Debug|Any CPU
		{0017D64F-D7C0-4309-AF4F-3E91927DBD69}.Debug|x64.ActiveCfg = Debug|Any CPU
		{0017D64F-D7C0-4309-AF4F-3E91927DBD69}.Debug|x64.Build.0 = Debug|Any CPU
		{0017D64F-D7C0-4309-AF4F-3E91927DBD69}.Debug|x86.ActiveCfg = Debug|Any CPU
		{0017D64F-D7C0-4309-AF4F-3E91927DBD69}.Debug|x86.Build.0 = Debug|Any CPU
		{0017D64F-D7C0-4309-AF4F-3E91927DBD69}.Release|Any CPU.ActiveCfg = Release|Any CPU
		{0017D64F-D7C0-4309-AF4F-3E91927DBD69}.Release|Any CPU.Build.0 = Release|Any CPU
		{0017D64F-D7C0-4309-AF4F-3E91927DBD69}.Release|x64.ActiveCfg = Release|Any CPU
		{0017D64F-D7C0-4309-AF4F-3E91927DBD69}.Release|x64.Build.0 = Release|Any CPU
		{0017D64F-D7C0-4309-AF4F-3E91927DBD69}.Release|x86.ActiveCfg = Release|Any CPU
		{0017D64F-D7C0-4309-AF4F-3E91927DBD69}.Release|x86.Build.0 = Release|Any CPU
	EndGlobalSection
EndGlobal
